
Microsoft Visual Studio Solution File, Format Version 12.00
# Visual Studio Version 17
VisualStudioVersion = 17.5.33103.201
MinimumVisualStudioVersion = 10.0.40219.1
Project("{FAE04EC0-301F-11D3-BF4B-00C04F79EFBC}") = "AlbyOnContainers.Library.Auth", "AlbyOnContainers.Library.Auth\AlbyOnContainers.Library.Auth.csproj", "{90DB7D64-61E2-47DB-B7C2-5672DAC685CB}"
EndProject
Project("{FAE04EC0-301F-11D3-BF4B-00C04F79EFBC}") = "AlbyOnContainers.Library.Database", "AlbyOnContainers.Library.Database\AlbyOnContainers.Library.Database.csproj", "{3EA52117-878E-42FE-97D4-59CEB7484E5D}"
EndProject
Project("{FAE04EC0-301F-11D3-BF4B-00C04F79EFBC}") = "AlbyOnContainers.ProductDataManager", "AlbyOnContainers.ProductDataManager\AlbyOnContainers.ProductDataManager.csproj", "{BB1C614C-90BD-4A5C-8877-B8200577BF2E}"
EndProject
Global
	GlobalSection(SolutionConfigurationPlatforms) = preSolution
		Debug|Any CPU = Debug|Any CPU
		Release|Any CPU = Release|Any CPU
	EndGlobalSection
	GlobalSection(ProjectConfigurationPlatforms) = postSolution
		{90DB7D64-61E2-47DB-B7C2-5672DAC685CB}.Debug|Any CPU.ActiveCfg = Debug|Any CPU
		{90DB7D64-61E2-47DB-B7C2-5672DAC685CB}.Debug|Any CPU.Build.0 = Debug|Any CPU
		{90DB7D64-61E2-47DB-B7C2-5672DAC685CB}.Release|Any CPU.ActiveCfg = Release|Any CPU
		{90DB7D64-61E2-47DB-B7C2-5672DAC685CB}.Release|Any CPU.Build.0 = Release|Any CPU
		{3EA52117-878E-42FE-97D4-59CEB7484E5D}.Debug|Any CPU.ActiveCfg = Debug|Any CPU
		{3EA52117-878E-42FE-97D4-59CEB7484E5D}.Debug|Any CPU.Build.0 = Debug|Any CPU
		{3EA52117-878E-42FE-97D4-59CEB7484E5D}.Release|Any CPU.ActiveCfg = Release|Any CPU
		{3EA52117-878E-42FE-97D4-59CEB7484E5D}.Release|Any CPU.Build.0 = Release|Any CPU
		{BB1C614C-90BD-4A5C-8877-B8200577BF2E}.Debug|Any CPU.ActiveCfg = Debug|Any CPU
		{BB1C614C-90BD-4A5C-8877-B8200577BF2E}.Debug|Any CPU.Build.0 = Debug|Any CPU
		{BB1C614C-90BD-4A5C-8877-B8200577BF2E}.Release|Any CPU.ActiveCfg = Release|Any CPU
		{BB1C614C-90BD-4A5C-8877-B8200577BF2E}.Release|Any CPU.Build.0 = Release|Any CPU
	EndGlobalSection
	GlobalSection(SolutionProperties) = preSolution
		HideSolutionNode = FALSE
	EndGlobalSection
	GlobalSection(ExtensibilityGlobals) = postSolution
		SolutionGuid = {F828DCAE-1F05-4EFE-B260-DD70A02441E6}
	EndGlobalSection
EndGlobal
